// !$*UTF8*$!
{
	archiveVersion = 1;
	classes = {
	};
	objectVersion = 46;
	objects = {

/* Begin PBXBuildFile section */
		42FDE2BE1DDC462100946629 /* main.m in Sources */ = {isa = PBXBuildFile; fileRef = 42FDE2BD1DDC462100946629 /* main.m */; };
		42FDE2C11DDC462100946629 /* AppDelegate.m in Sources */ = {isa = PBXBuildFile; fileRef = 42FDE2C01DDC462100946629 /* AppDelegate.m */; };
		42FDE2C41DDC462100946629 /* ViewController.m in Sources */ = {isa = PBXBuildFile; fileRef = 42FDE2C31DDC462100946629 /* ViewController.m */; };
		42FDE2C71DDC462100946629 /* Main.storyboard in Resources */ = {isa = PBXBuildFile; fileRef = 42FDE2C51DDC462100946629 /* Main.storyboard */; };
		42FDE2C91DDC462100946629 /* Assets.xcassets in Resources */ = {isa = PBXBuildFile; fileRef = 42FDE2C81DDC462100946629 /* Assets.xcassets */; };
		42FDE2CC1DDC462100946629 /* LaunchScreen.storyboard in Resources */ = {isa = PBXBuildFile; fileRef = 42FDE2CA1DDC462100946629 /* LaunchScreen.storyboard */; };
		42FDE2D61DDC46BD00946629 /* HMBannerView.m in Sources */ = {isa = PBXBuildFile; fileRef = 42FDE2D51DDC46BD00946629 /* HMBannerView.m */; };
		42FDE30E1DDC4C8700946629 /* my_course_def.png in Resources */ = {isa = PBXBuildFile; fileRef = 42FDE30D1DDC4C8700946629 /* my_course_def.png */; };
/* End PBXBuildFile section */

/* Begin PBXFileReference section */
		42FDE2B91DDC462100946629 /* HMBannerViewDemo.app */ = {isa = PBXFileReference; explicitFileType = wrapper.application; includeInIndex = 0; path = HMBannerViewDemo.app; sourceTree = BUILT_PRODUCTS_DIR; };
		42FDE2BD1DDC462100946629 /* main.m */ = {isa = PBXFileReference; lastKnownFileType = sourcecode.c.objc; path = main.m; sourceTree = "<group>"; };
		42FDE2BF1DDC462100946629 /* AppDelegate.h */ = {isa = PBXFileReference; lastKnownFileType = sourcecode.c.h; path = AppDelegate.h; sourceTree = "<group>"; };
		42FDE2C01DDC462100946629 /* AppDelegate.m */ = {isa = PBXFileReference; lastKnownFileType = sourcecode.c.objc; path = AppDelegate.m; sourceTree = "<group>"; };
		42FDE2C21DDC462100946629 /* ViewController.h */ = {isa = PBXFileReference; lastKnownFileType = sourcecode.c.h; path = ViewController.h; sourceTree = "<group>"; };
		42FDE2C31DDC462100946629 /* ViewController.m */ = {isa = PBXFileReference; lastKnownFileType = sourcecode.c.objc; path = ViewController.m; sourceTree = "<group>"; };
		42FDE2C61DDC462100946629 /* Base */ = {isa = PBXFileReference; lastKnownFileType = file.storyboard; name = Base; path = Base.lproj/Main.storyboard; sourceTree = "<group>"; };
		42FDE2C81DDC462100946629 /* Assets.xcassets */ = {isa = PBXFileReference; lastKnownFileType = folder.assetcatalog; path = Assets.xcassets; sourceTree = "<group>"; };
		42FDE2CB1DDC462100946629 /* Base */ = {isa = PBXFileReference; lastKnownFileType = file.storyboard; name = Base; path = Base.lproj/LaunchScreen.storyboard; sourceTree = "<group>"; };
		42FDE2CD1DDC462100946629 /* Info.plist */ = {isa = PBXFileReference; lastKnownFileType = text.plist.xml; path = Info.plist; sourceTree = "<group>"; };
		42FDE2D41DDC46BD00946629 /* HMBannerView.h */ = {isa = PBXFileReference; fileEncoding = 4; lastKnownFileType = sourcecode.c.h; path = HMBannerView.h; sourceTree = "<group>"; };
		42FDE2D51DDC46BD00946629 /* HMBannerView.m */ = {isa = PBXFileReference; fileEncoding = 4; lastKnownFileType = sourcecode.c.objc; path = HMBannerView.m; sourceTree = "<group>"; };
		42FDE30D1DDC4C8700946629 /* my_course_def.png */ = {isa = PBXFileReference; lastKnownFileType = image.png; path = my_course_def.png; sourceTree = "<group>"; };
/* End PBXFileReference section */

/* Begin PBXFrameworksBuildPhase section */
		42FDE2B61DDC462100946629 /* Frameworks */ = {
			isa = PBXFrameworksBuildPhase;
			buildActionMask = 2147483647;
			files = (
			);
			runOnlyForDeploymentPostprocessing = 0;
		};
/* End PBXFrameworksBuildPhase section */

/* Begin PBXGroup section */
		42FDE2B01DDC462100946629 = {
			isa = PBXGroup;
			children = (
				42FDE2BB1DDC462100946629 /* HMBannerViewDemo */,
				42FDE2BA1DDC462100946629 /* Products */,
			);
			sourceTree = "<group>";
		};
		42FDE2BA1DDC462100946629 /* Products */ = {
			isa = PBXGroup;
			children = (
				42FDE2B91DDC462100946629 /* HMBannerViewDemo.app */,
			);
			name = Products;
			sourceTree = "<group>";
		};
		42FDE2BB1DDC462100946629 /* HMBannerViewDemo */ = {
			isa = PBXGroup;
			children = (
				42FDE2D31DDC46BD00946629 /* HMBannerView */,
				42FDE2BF1DDC462100946629 /* AppDelegate.h */,
				42FDE2C01DDC462100946629 /* AppDelegate.m */,
				42FDE2C21DDC462100946629 /* ViewController.h */,
				42FDE2C31DDC462100946629 /* ViewController.m */,
				42FDE2C51DDC462100946629 /* Main.storyboard */,
				42FDE2C81DDC462100946629 /* Assets.xcassets */,
				42FDE2CA1DDC462100946629 /* LaunchScreen.storyboard */,
				42FDE2CD1DDC462100946629 /* Info.plist */,
				42FDE2BC1DDC462100946629 /* Supporting Files */,
			);
			path = HMBannerViewDemo;
			sourceTree = "<group>";
		};
		42FDE2BC1DDC462100946629 /* Supporting Files */ = {
			isa = PBXGroup;
			children = (
				42FDE2BD1DDC462100946629 /* main.m */,
			);
			name = "Supporting Files";
			sourceTree = "<group>";
		};
		42FDE2D31DDC46BD00946629 /* HMBannerView */ = {
			isa = PBXGroup;
			children = (
				42FDE30D1DDC4C8700946629 /* my_course_def.png */,
				42FDE2D41DDC46BD00946629 /* HMBannerView.h */,
				42FDE2D51DDC46BD00946629 /* HMBannerView.m */,
			);
			path = HMBannerView;
			sourceTree = SOURCE_ROOT;
		};
/* End PBXGroup section */

/* Begin PBXNativeTarget section */
		42FDE2B81DDC462100946629 /* HMBannerViewDemo */ = {
			isa = PBXNativeTarget;
			buildConfigurationList = 42FDE2D01DDC462100946629 /* Build configuration list for PBXNativeTarget "HMBannerViewDemo" */;
			buildPhases = (
				42FDE2B51DDC462100946629 /* Sources */,
				42FDE2B61DDC462100946629 /* Frameworks */,
				42FDE2B71DDC462100946629 /* Resources */,
			);
			buildRules = (
			);
			dependencies = (
			);
			name = HMBannerViewDemo;
			productName = HMBannerViewDemo;
			productReference = 42FDE2B91DDC462100946629 /* HMBannerViewDemo.app */;
			productType = "com.apple.product-type.application";
		};
/* End PBXNativeTarget section */

/* Begin PBXProject section */
		42FDE2B11DDC462100946629 /* Project object */ = {
			isa = PBXProject;
			attributes = {
				LastUpgradeCheck = 0810;
				ORGANIZATIONNAME = lwl;
				TargetAttributes = {
					42FDE2B81DDC462100946629 = {
						CreatedOnToolsVersion = 8.1;
						DevelopmentTeam = TVKGJDQJU6;
						ProvisioningStyle = Automatic;
					};
				};
			};
			buildConfigurationList = 42FDE2B41DDC462100946629 /* Build configuration list for PBXProject "HMBannerViewDemo" */;
			compatibilityVersion = "Xcode 3.2";
			developmentRegion = English;
			hasScannedForEncodings = 0;
			knownRegions = (
				en,
				Base,
			);
			mainGroup = 42FDE2B01DDC462100946629;
			productRefGroup = 42FDE2BA1DDC462100946629 /* Products */;
			projectDirPath = "";
			projectRoot = "";
			targets = (
				42FDE2B81DDC462100946629 /* HMBannerViewDemo */,
			);
		};
/* End PBXProject section */

/* Begin PBXResourcesBuildPhase section */
		42FDE2B71DDC462100946629 /* Resources */ = {
			isa = PBXResourcesBuildPhase;
			buildActionMask = 2147483647;
			files = (
				42FDE2CC1DDC462100946629 /* LaunchScreen.storyboard in Resources */,
				42FDE30E1DDC4C8700946629 /* my_course_def.png in Resources */,
				42FDE2C91DDC462100946629 /* Assets.xcassets in Resources */,
				42FDE2C71DDC462100946629 /* Main.storyboard in Resources */,
			);
			runOnlyForDeploymentPostprocessing = 0;
		};
/* End PBXResourcesBuildPhase section */

/* Begin PBXSourcesBuildPhase section */
		42FDE2B51DDC462100946629 /* Sources */ = {
			isa = PBXSourcesBuildPhase;
			buildActionMask = 2147483647;
			files = (
				42FDE2C41DDC462100946629 /* ViewController.m in Sources */,
				42FDE2C11DDC462100946629 /* AppDelegate.m in Sources */,
				42FDE2BE1DDC462100946629 /* main.m in Sources */,
				42FDE2D61DDC46BD00946629 /* HMBannerView.m in Sources */,
			);
			runOnlyForDeploymentPostprocessing = 0;
		};
/* End PBXSourcesBuildPhase section */

/* Begin PBXVariantGroup section */
		42FDE2C51DDC462100946629 /* Main.storyboard */ = {
			isa = PBXVariantGroup;
			children = (
				42FDE2C61DDC462100946629 /* Base */,
			);
			name = Main.storyboard;
			sourceTree = "<group>";
		};
		42FDE2CA1DDC462100946629 /* LaunchScreen.storyboard */ = {
			isa = PBXVariantGroup;
			children = (
				42FDE2CB1DDC462100946629 /* Base */,
			);
			name = LaunchScreen.storyboard;
			sourceTree = "<group>";
		};
/* End PBXVariantGroup section */

/* Begin XCBuildConfiguration section */
		42FDE2CE1DDC462100946629 /* Debug */ = {
			isa = XCBuildConfiguration;
			buildSettings = {
				ALWAYS_SEARCH_USER_PATHS = NO;
				CLANG_ANALYZER_NONNULL = YES;
				CLANG_CXX_LANGUAGE_STANDARD = "gnu++0x";
				CLANG_CXX_LIBRARY = "libc++";
				CLANG_ENABLE_MODULES = YES;
				CLANG_ENABLE_OBJC_ARC = YES;
				CLANG_WARN_BOOL_CONVERSION = YES;
				CLANG_WARN_CONSTANT_CONVERSION = YES;
				CLANG_WARN_DIRECT_OBJC_ISA_USAGE = YES_ERROR;
				CLANG_WARN_DOCUMENTATION_COMMENTS = YES;
				CLANG_WARN_EMPTY_BODY = YES;
				CLANG_WARN_ENUM_CONVERSION = YES;
				CLANG_WARN_INFINITE_RECURSION = YES;
				CLANG_WARN_INT_CONVERSION = YES;
				CLANG_WARN_OBJC_ROOT_CLASS = YES_ERROR;
				CLANG_WARN_SUSPICIOUS_MOVES = YES;
				CLANG_WARN_UNREACHABLE_CODE = YES;
				CLANG_WARN__DUPLICATE_METHOD_MATCH = YES;
				"CODE_SIGN_IDENTITY[sdk=iphoneos*]" = "iPhone Developer";
				COPY_PHASE_STRIP = NO;
				DEBUG_INFORMATION_FORMAT = dwarf;
				ENABLE_STRICT_OBJC_MSGSEND = YES;
				ENABLE_TESTABILITY = YES;
				GCC_C_LANGUAGE_STANDARD = gnu99;
				GCC_DYNAMIC_NO_PIC = NO;
				GCC_NO_COMMON_BLOCKS = YES;
				GCC_OPTIMIZATION_LEVEL = 0;
				GCC_PREPROCESSOR_DEFINITIONS = (
					"DEBUG=1",
					"$(inherited)",
				);
				GCC_WARN_64_TO_32_BIT_CONVERSION = YES;
				GCC_WARN_ABOUT_RETURN_TYPE = YES_ERROR;
				GCC_WARN_UNDECLARED_SELECTOR = YES;
				GCC_WARN_UNINITIALIZED_AUTOS = YES_AGGRESSIVE;
				GCC_WARN_UNUSED_FUNCTION = YES;
				GCC_WARN_UNUSED_VARIABLE = YES;
				IPHONEOS_DEPLOYMENT_TARGET = 10.1;
				MTL_ENABLE_DEBUG_INFO = YES;
				ONLY_ACTIVE_ARCH = YES;
				SDKROOT = iphoneos;
			};
			name = Debug;
		};
		42FDE2CF1DDC462100946629 /* Release */ = {
			isa = XCBuildConfiguration;
			buildSettings = {
				ALWAYS_SEARCH_USER_PATHS = NO;
				CLANG_ANALYZER_NONNULL = YES;
				CLANG_CXX_LANGUAGE_STANDARD = "gnu++0x";
				CLANG_CXX_LIBRARY = "libc++";
				CLANG_ENABLE_MODULES = YES;
				CLANG_ENABLE_OBJC_ARC = YES;
				CLANG_WARN_BOOL_CONVERSION = YES;
				CLANG_WARN_CONSTANT_CONVERSION = YES;
				CLANG_WARN_DIRECT_OBJC_ISA_USAGE = YES_ERROR;
				CLANG_WARN_DOCUMENTATION_COMMENTS = YES;
				CLANG_WARN_EMPTY_BODY = YES;
				CLANG_WARN_ENUM_CONVERSION = YES;
				CLANG_WARN_INFINITE_RECURSION = YES;
				CLANG_WARN_INT_CONVERSION = YES;
				CLANG_WARN_OBJC_ROOT_CLASS = YES_ERROR;
				CLANG_WARN_SUSPICIOUS_MOVES = YES;
				CLANG_WARN_UNREACHABLE_CODE = YES;
				CLANG_WARN__DUPLICATE_METHOD_MATCH = YES;
				"CODE_SIGN_IDENTITY[sdk=iphoneos*]" = "iPhone Developer";
				COPY_PHASE_STRIP = NO;
				DEBUG_INFORMATION_FORMAT = "dwarf-with-dsym";
				ENABLE_NS_ASSERTIONS = NO;
				ENABLE_STRICT_OBJC_MSGSEND = YES;
				GCC_C_LANGUAGE_STANDARD = gnu99;
				GCC_NO_COMMON_BLOCKS = YES;
				GCC_WARN_64_TO_32_BIT_CONVERSION = YES;
				GCC_WARN_ABOUT_RETURN_TYPE = YES_ERROR;
				GCC_WARN_UNDECLARED_SELECTOR = YES;
				GCC_WARN_UNINITIALIZED_AUTOS = YES_AGGRESSIVE;
				GCC_WARN_UNUSED_FUNCTION = YES;
				GCC_WARN_UNUSED_VARIABLE = YES;
				IPHONEOS_DEPLOYMENT_TARGET = 10.1;
				MTL_ENABLE_DEBUG_INFO = NO;
				SDKROOT = iphoneos;
				VALIDATE_PRODUCT = YES;
			};
			name = Release;
		};
		42FDE2D11DDC462100946629 /* Debug */ = {
			isa = XCBuildConfiguration;
			buildSettings = {
				ASSETCATALOG_COMPILER_APPICON_NAME = AppIcon;
				DEVELOPMENT_TEAM = TVKGJDQJU6;
				INFOPLIST_FILE = HMBannerViewDemo/Info.plist;
				LD_RUNPATH_SEARCH_PATHS = "$(inherited) @executable_path/Frameworks";
				PRODUCT_BUNDLE_IDENTIFIER = com.hmbanner.lwl;
				PRODUCT_NAME = "$(TARGET_NAME)";
			};
			name = Debug;
		};
		42FDE2D21DDC462100946629 /* Release */ = {
			isa = XCBuildConfiguration;
			buildSettings = {
				ASSETCATALOG_COMPILER_APPICON_NAME = AppIcon;
				DEVELOPMENT_TEAM = TVKGJDQJU6;
				INFOPLIST_FILE = HMBannerViewDemo/Info.plist;
				LD_RUNPATH_SEARCH_PATHS = "$(inherited) @executable_path/Frameworks";
				PRODUCT_BUNDLE_IDENTIFIER = com.hmbanner.lwl;
				PRODUCT_NAME = "$(TARGET_NAME)";
			};
			name = Release;
		};
/* End XCBuildConfiguration section */

/* Begin XCConfigurationList section */
		42FDE2B41DDC462100946629 /* Build configuration list for PBXProject "HMBannerViewDemo" */ = {
			isa = XCConfigurationList;
			buildConfigurations = (
				42FDE2CE1DDC462100946629 /* Debug */,
				42FDE2CF1DDC462100946629 /* Release */,
			);
			defaultConfigurationIsVisible = 0;
			defaultConfigurationName = Release;
		};
		42FDE2D01DDC462100946629 /* Build configuration list for PBXNativeTarget "HMBannerViewDemo" */ = {
			isa = XCConfigurationList;
			buildConfigurations = (
				42FDE2D11DDC462100946629 /* Debug */,
				42FDE2D21DDC462100946629 /* Release */,
			);
			defaultConfigurationIsVisible = 0;
			defaultConfigurationName = Release;
		};
/* End XCConfigurationList section */
	};
	rootObject = 42FDE2B11DDC462100946629 /* Project object */;
}
